
Microsoft Visual Studio Solution File, Format Version 12.00
# Visual Studio Version 17
VisualStudioVersion = 17.9.34902.65
MinimumVisualStudioVersion = 10.0.40219.1
Project("{FAE04EC0-301F-11D3-BF4B-00C04F79EFBC}") = "Darsy-DBCleanUP", "Darsy-DBCleanUP\Darsy-DBCleanUP.csproj", "{0465144C-BD95-4CFC-AD6E-DEBC6AEEC166}"
EndProject
Global
	GlobalSection(SolutionConfigurationPlatforms) = preSolution
		Debug|Any CPU = Debug|Any CPU
		Release|Any CPU = Release|Any CPU
	EndGlobalSection
	GlobalSection(ProjectConfigurationPlatforms) = postSolution
		{0465144C-BD95-4CFC-AD6E-DEBC6AEEC166}.Debug|Any CPU.ActiveCfg = Debug|Any CPU
		{0465144C-BD95-4CFC-AD6E-DEBC6AEEC166}.Debug|Any CPU.Build.0 = Debug|Any CPU
		{0465144C-BD95-4CFC-AD6E-DEBC6AEEC166}.Release|Any CPU.ActiveCfg = Release|Any CPU
		{0465144C-BD95-4CFC-AD6E-DEBC6AEEC166}.Release|Any CPU.Build.0 = Release|Any CPU
	EndGlobalSection
	GlobalSection(SolutionProperties) = preSolution
		HideSolutionNode = FALSE
	EndGlobalSection
	GlobalSection(ExtensibilityGlobals) = postSolution
		SolutionGuid = {3D915330-20E6-451F-8CA6-48CCD4C5270B}
	EndGlobalSection
EndGlobal
